
Microsoft Visual Studio Solution File, Format Version 12.00
# Visual Studio Version 16
VisualStudioVersion = 16.0.30804.86
MinimumVisualStudioVersion = 10.0.40219.1
Project("{9A19103F-16F7-4668-BE54-9A1E7A4F7556}") = "HackerRank_Exercises", "HackerRank_Exercises\HackerRank_Exercises.csproj", "{DAE54C06-DE51-46C3-BE47-F36DA3FAA892}"
EndProject
Project("{9A19103F-16F7-4668-BE54-9A1E7A4F7556}") = "Time Conversion", "Time Conversion\Time Conversion.csproj", "{2FD90B21-1A0A-4C44-9448-9F4EDFA5EE3C}"
EndProject
Project("{FAE04EC0-301F-11D3-BF4B-00C04F79EFBC}") = "Grading Students", "Grading Students\Grading Students.csproj", "{0525DF51-9FBF-47EE-9A41-DCD86903DA1A}"
EndProject
Global
	GlobalSection(SolutionConfigurationPlatforms) = preSolution
		Debug|Any CPU = Debug|Any CPU
		Release|Any CPU = Release|Any CPU
	EndGlobalSection
	GlobalSection(ProjectConfigurationPlatforms) = postSolution
		{DAE54C06-DE51-46C3-BE47-F36DA3FAA892}.Debug|Any CPU.ActiveCfg = Debug|Any CPU
		{DAE54C06-DE51-46C3-BE47-F36DA3FAA892}.Debug|Any CPU.Build.0 = Debug|Any CPU
		{DAE54C06-DE51-46C3-BE47-F36DA3FAA892}.Release|Any CPU.ActiveCfg = Release|Any CPU
		{DAE54C06-DE51-46C3-BE47-F36DA3FAA892}.Release|Any CPU.Build.0 = Release|Any CPU
		{2FD90B21-1A0A-4C44-9448-9F4EDFA5EE3C}.Debug|Any CPU.ActiveCfg = Debug|Any CPU
		{2FD90B21-1A0A-4C44-9448-9F4EDFA5EE3C}.Debug|Any CPU.Build.0 = Debug|Any CPU
		{2FD90B21-1A0A-4C44-9448-9F4EDFA5EE3C}.Release|Any CPU.ActiveCfg = Release|Any CPU
		{2FD90B21-1A0A-4C44-9448-9F4EDFA5EE3C}.Release|Any CPU.Build.0 = Release|Any CPU
		{0525DF51-9FBF-47EE-9A41-DCD86903DA1A}.Debug|Any CPU.ActiveCfg = Debug|Any CPU
		{0525DF51-9FBF-47EE-9A41-DCD86903DA1A}.Debug|Any CPU.Build.0 = Debug|Any CPU
		{0525DF51-9FBF-47EE-9A41-DCD86903DA1A}.Release|Any CPU.ActiveCfg = Release|Any CPU
		{0525DF51-9FBF-47EE-9A41-DCD86903DA1A}.Release|Any CPU.Build.0 = Release|Any CPU
	EndGlobalSection
	GlobalSection(SolutionProperties) = preSolution
		HideSolutionNode = FALSE
	EndGlobalSection
	GlobalSection(ExtensibilityGlobals) = postSolution
		SolutionGuid = {36A1AA2E-8618-494C-98F9-1D0E9AAECDFA}
	EndGlobalSection
EndGlobal
